// !$*UTF8*$!
{
	archiveVersion = 1;
	classes = {
	};
	objectVersion = 46;
	objects = {

/* Begin PBXBuildFile section */
		9C730E6F1F9F3DA9004059A7 /* QuestionData.swift in Sources */ = {isa = PBXBuildFile; fileRef = 9C730E6E1F9F3DA9004059A7 /* QuestionData.swift */; };
		9C95962B1F9D068B00C4EE8A /* AppDelegate.swift in Sources */ = {isa = PBXBuildFile; fileRef = 9C95962A1F9D068B00C4EE8A /* AppDelegate.swift */; };
		9C95962D1F9D068B00C4EE8A /* IntroductionViewController.swift in Sources */ = {isa = PBXBuildFile; fileRef = 9C95962C1F9D068B00C4EE8A /* IntroductionViewController.swift */; };
		9C9596301F9D068B00C4EE8A /* Main.storyboard in Resources */ = {isa = PBXBuildFile; fileRef = 9C95962E1F9D068B00C4EE8A /* Main.storyboard */; };
		9C9596321F9D068B00C4EE8A /* Assets.xcassets in Resources */ = {isa = PBXBuildFile; fileRef = 9C9596311F9D068B00C4EE8A /* Assets.xcassets */; };
		9C9596351F9D068B00C4EE8A /* LaunchScreen.storyboard in Resources */ = {isa = PBXBuildFile; fileRef = 9C9596331F9D068B00C4EE8A /* LaunchScreen.storyboard */; };
		9C95963D1F9D288200C4EE8A /* QuestionViewController.swift in Sources */ = {isa = PBXBuildFile; fileRef = 9C95963C1F9D288200C4EE8A /* QuestionViewController.swift */; };
		9C95963F1F9D289E00C4EE8A /* ResultViewController.swift in Sources */ = {isa = PBXBuildFile; fileRef = 9C95963E1F9D289E00C4EE8A /* ResultViewController.swift */; };
/* End PBXBuildFile section */

/* Begin PBXFileReference section */
		9C730E6E1F9F3DA9004059A7 /* QuestionData.swift */ = {isa = PBXFileReference; fileEncoding = 4; lastKnownFileType = sourcecode.swift; path = QuestionData.swift; sourceTree = "<group>"; };
		9C9596271F9D068B00C4EE8A /* PersonalityQuiz.app */ = {isa = PBXFileReference; explicitFileType = wrapper.application; includeInIndex = 0; path = PersonalityQuiz.app; sourceTree = BUILT_PRODUCTS_DIR; };
		9C95962A1F9D068B00C4EE8A /* AppDelegate.swift */ = {isa = PBXFileReference; lastKnownFileType = sourcecode.swift; path = AppDelegate.swift; sourceTree = "<group>"; };
		9C95962C1F9D068B00C4EE8A /* IntroductionViewController.swift */ = {isa = PBXFileReference; lastKnownFileType = sourcecode.swift; path = IntroductionViewController.swift; sourceTree = "<group>"; };
		9C95962F1F9D068B00C4EE8A /* Base */ = {isa = PBXFileReference; lastKnownFileType = file.storyboard; name = Base; path = Base.lproj/Main.storyboard; sourceTree = "<group>"; };
		9C9596311F9D068B00C4EE8A /* Assets.xcassets */ = {isa = PBXFileReference; lastKnownFileType = folder.assetcatalog; path = Assets.xcassets; sourceTree = "<group>"; };
		9C9596341F9D068B00C4EE8A /* Base */ = {isa = PBXFileReference; lastKnownFileType = file.storyboard; name = Base; path = Base.lproj/LaunchScreen.storyboard; sourceTree = "<group>"; };
		9C9596361F9D068B00C4EE8A /* Info.plist */ = {isa = PBXFileReference; lastKnownFileType = text.plist.xml; path = Info.plist; sourceTree = "<group>"; };
		9C95963C1F9D288200C4EE8A /* QuestionViewController.swift */ = {isa = PBXFileReference; fileEncoding = 4; lastKnownFileType = sourcecode.swift; path = QuestionViewController.swift; sourceTree = "<group>"; };
		9C95963E1F9D289E00C4EE8A /* ResultViewController.swift */ = {isa = PBXFileReference; fileEncoding = 4; lastKnownFileType = sourcecode.swift; path = ResultViewController.swift; sourceTree = "<group>"; };
/* End PBXFileReference section */

/* Begin PBXFrameworksBuildPhase section */
		9C9596241F9D068B00C4EE8A /* Frameworks */ = {
			isa = PBXFrameworksBuildPhase;
			buildActionMask = 2147483647;
			files = (
			);
			runOnlyForDeploymentPostprocessing = 0;
		};
/* End PBXFrameworksBuildPhase section */

/* Begin PBXGroup section */
		9C95961E1F9D068B00C4EE8A = {
			isa = PBXGroup;
			children = (
				9C9596291F9D068B00C4EE8A /* PersonalityQuiz */,
				9C9596281F9D068B00C4EE8A /* Products */,
			);
			sourceTree = "<group>";
		};
		9C9596281F9D068B00C4EE8A /* Products */ = {
			isa = PBXGroup;
			children = (
				9C9596271F9D068B00C4EE8A /* PersonalityQuiz.app */,
			);
			name = Products;
			sourceTree = "<group>";
		};
		9C9596291F9D068B00C4EE8A /* PersonalityQuiz */ = {
			isa = PBXGroup;
			children = (
				9C95962A1F9D068B00C4EE8A /* AppDelegate.swift */,
				9C95962C1F9D068B00C4EE8A /* IntroductionViewController.swift */,
				9C95962E1F9D068B00C4EE8A /* Main.storyboard */,
				9C9596311F9D068B00C4EE8A /* Assets.xcassets */,
				9C9596331F9D068B00C4EE8A /* LaunchScreen.storyboard */,
				9C9596361F9D068B00C4EE8A /* Info.plist */,
				9C95963C1F9D288200C4EE8A /* QuestionViewController.swift */,
				9C95963E1F9D289E00C4EE8A /* ResultViewController.swift */,
				9C730E6E1F9F3DA9004059A7 /* QuestionData.swift */,
			);
			path = PersonalityQuiz;
			sourceTree = "<group>";
		};
/* End PBXGroup section */

/* Begin PBXNativeTarget section */
		9C9596261F9D068B00C4EE8A /* PersonalityQuiz */ = {
			isa = PBXNativeTarget;
			buildConfigurationList = 9C9596391F9D068B00C4EE8A /* Build configuration list for PBXNativeTarget "PersonalityQuiz" */;
			buildPhases = (
				9C9596231F9D068B00C4EE8A /* Sources */,
				9C9596241F9D068B00C4EE8A /* Frameworks */,
				9C9596251F9D068B00C4EE8A /* Resources */,
			);
			buildRules = (
			);
			dependencies = (
			);
			name = PersonalityQuiz;
			productName = PersonalityQuiz;
			productReference = 9C9596271F9D068B00C4EE8A /* PersonalityQuiz.app */;
			productType = "com.apple.product-type.application";
		};
/* End PBXNativeTarget section */

/* Begin PBXProject section */
		9C95961F1F9D068B00C4EE8A /* Project object */ = {
			isa = PBXProject;
			attributes = {
				LastSwiftUpdateCheck = 0830;
				LastUpgradeCheck = 0830;
				ORGANIZATIONNAME = love;
				TargetAttributes = {
					9C9596261F9D068B00C4EE8A = {
						CreatedOnToolsVersion = 8.3.3;
						DevelopmentTeam = 953G8FEEEM;
						ProvisioningStyle = Automatic;
					};
				};
			};
			buildConfigurationList = 9C9596221F9D068B00C4EE8A /* Build configuration list for PBXProject "PersonalityQuiz" */;
			compatibilityVersion = "Xcode 3.2";
			developmentRegion = English;
			hasScannedForEncodings = 0;
			knownRegions = (
				en,
				Base,
			);
			mainGroup = 9C95961E1F9D068B00C4EE8A;
			productRefGroup = 9C9596281F9D068B00C4EE8A /* Products */;
			projectDirPath = "";
			projectRoot = "";
			targets = (
				9C9596261F9D068B00C4EE8A /* PersonalityQuiz */,
			);
		};
/* End PBXProject section */

/* Begin PBXResourcesBuildPhase section */
		9C9596251F9D068B00C4EE8A /* Resources */ = {
			isa = PBXResourcesBuildPhase;
			buildActionMask = 2147483647;
			files = (
				9C9596351F9D068B00C4EE8A /* LaunchScreen.storyboard in Resources */,
				9C9596321F9D068B00C4EE8A /* Assets.xcassets in Resources */,
				9C9596301F9D068B00C4EE8A /* Main.storyboard in Resources */,
			);
			runOnlyForDeploymentPostprocessing = 0;
		};
/* End PBXResourcesBuildPhase section */

/* Begin PBXSourcesBuildPhase section */
		9C9596231F9D068B00C4EE8A /* Sources */ = {
			isa = PBXSourcesBuildPhase;
			buildActionMask = 2147483647;
			files = (
				9C95962D1F9D068B00C4EE8A /* IntroductionViewController.swift in Sources */,
				9C95962B1F9D068B00C4EE8A /* AppDelegate.swift in Sources */,
				9C730E6F1F9F3DA9004059A7 /* QuestionData.swift in Sources */,
				9C95963D1F9D288200C4EE8A /* QuestionViewController.swift in Sources */,
				9C95963F1F9D289E00C4EE8A /* ResultViewController.swift in Sources */,
			);
			runOnlyForDeploymentPostprocessing = 0;
		};
/* End PBXSourcesBuildPhase section */

/* Begin PBXVariantGroup section */
		9C95962E1F9D068B00C4EE8A /* Main.storyboard */ = {
			isa = PBXVariantGroup;
			children = (
				9C95962F1F9D068B00C4EE8A /* Base */,
			);
			name = Main.storyboard;
			sourceTree = "<group>";
		};
		9C9596331F9D068B00C4EE8A /* LaunchScreen.storyboard */ = {
			isa = PBXVariantGroup;
			children = (
				9C9596341F9D068B00C4EE8A /* Base */,
			);
			name = LaunchScreen.storyboard;
			sourceTree = "<group>";
		};
/* End PBXVariantGroup section */

/* Begin XCBuildConfiguration section */
		9C9596371F9D068B00C4EE8A /* Debug */ = {
			isa = XCBuildConfiguration;
			buildSettings = {
				ALWAYS_SEARCH_USER_PATHS = NO;
				CLANG_ANALYZER_NONNULL = YES;
				CLANG_ANALYZER_NUMBER_OBJECT_CONVERSION = YES_AGGRESSIVE;
				CLANG_CXX_LANGUAGE_STANDARD = "gnu++0x";
				CLANG_CXX_LIBRARY = "libc++";
				CLANG_ENABLE_MODULES = YES;
				CLANG_ENABLE_OBJC_ARC = YES;
				CLANG_WARN_BOOL_CONVERSION = YES;
				CLANG_WARN_CONSTANT_CONVERSION = YES;
				CLANG_WARN_DIRECT_OBJC_ISA_USAGE = YES_ERROR;
				CLANG_WARN_DOCUMENTATION_COMMENTS = YES;
				CLANG_WARN_EMPTY_BODY = YES;
				CLANG_WARN_ENUM_CONVERSION = YES;
				CLANG_WARN_INFINITE_RECURSION = YES;
				CLANG_WARN_INT_CONVERSION = YES;
				CLANG_WARN_OBJC_ROOT_CLASS = YES_ERROR;
				CLANG_WARN_SUSPICIOUS_MOVE = YES;
				CLANG_WARN_UNREACHABLE_CODE = YES;
				CLANG_WARN__DUPLICATE_METHOD_MATCH = YES;
				"CODE_SIGN_IDENTITY[sdk=iphoneos*]" = "iPhone Developer";
				COPY_PHASE_STRIP = NO;
				DEBUG_INFORMATION_FORMAT = dwarf;
				ENABLE_STRICT_OBJC_MSGSEND = YES;
				ENABLE_TESTABILITY = YES;
				GCC_C_LANGUAGE_STANDARD = gnu99;
				GCC_DYNAMIC_NO_PIC = NO;
				GCC_NO_COMMON_BLOCKS = YES;
				GCC_OPTIMIZATION_LEVEL = 0;
				GCC_PREPROCESSOR_DEFINITIONS = (
					"DEBUG=1",
					"$(inherited)",
				);
				GCC_WARN_64_TO_32_BIT_CONVERSION = YES;
				GCC_WARN_ABOUT_RETURN_TYPE = YES_ERROR;
				GCC_WARN_UNDECLARED_SELECTOR = YES;
				GCC_WARN_UNINITIALIZED_AUTOS = YES_AGGRESSIVE;
				GCC_WARN_UNUSED_FUNCTION = YES;
				GCC_WARN_UNUSED_VARIABLE = YES;
				IPHONEOS_DEPLOYMENT_TARGET = 10.3;
				MTL_ENABLE_DEBUG_INFO = YES;
				ONLY_ACTIVE_ARCH = YES;
				SDKROOT = iphoneos;
				SWIFT_ACTIVE_COMPILATION_CONDITIONS = DEBUG;
				SWIFT_OPTIMIZATION_LEVEL = "-Onone";
				TARGETED_DEVICE_FAMILY = "1,2";
			};
			name = Debug;
		};
		9C9596381F9D068B00C4EE8A /* Release */ = {
			isa = XCBuildConfiguration;
			buildSettings = {
				ALWAYS_SEARCH_USER_PATHS = NO;
				CLANG_ANALYZER_NONNULL = YES;
				CLANG_ANALYZER_NUMBER_OBJECT_CONVERSION = YES_AGGRESSIVE;
				CLANG_CXX_LANGUAGE_STANDARD = "gnu++0x";
				CLANG_CXX_LIBRARY = "libc++";
				CLANG_ENABLE_MODULES = YES;
				CLANG_ENABLE_OBJC_ARC = YES;
				CLANG_WARN_BOOL_CONVERSION = YES;
				CLANG_WARN_CONSTANT_CONVERSION = YES;
				CLANG_WARN_DIRECT_OBJC_ISA_USAGE = YES_ERROR;
				CLANG_WARN_DOCUMENTATION_COMMENTS = YES;
				CLANG_WARN_EMPTY_BODY = YES;
				CLANG_WARN_ENUM_CONVERSION = YES;
				CLANG_WARN_INFINITE_RECURSION = YES;
				CLANG_WARN_INT_CONVERSION = YES;
				CLANG_WARN_OBJC_ROOT_CLASS = YES_ERROR;
				CLANG_WARN_SUSPICIOUS_MOVE = YES;
				CLANG_WARN_UNREACHABLE_CODE = YES;
				CLANG_WARN__DUPLICATE_METHOD_MATCH = YES;
				"CODE_SIGN_IDENTITY[sdk=iphoneos*]" = "iPhone Developer";
				COPY_PHASE_STRIP = NO;
				DEBUG_INFORMATION_FORMAT = "dwarf-with-dsym";
				ENABLE_NS_ASSERTIONS = NO;
				ENABLE_STRICT_OBJC_MSGSEND = YES;
				GCC_C_LANGUAGE_STANDARD = gnu99;
				GCC_NO_COMMON_BLOCKS = YES;
				GCC_WARN_64_TO_32_BIT_CONVERSION = YES;
				GCC_WARN_ABOUT_RETURN_TYPE = YES_ERROR;
				GCC_WARN_UNDECLARED_SELECTOR = YES;
				GCC_WARN_UNINITIALIZED_AUTOS = YES_AGGRESSIVE;
				GCC_WARN_UNUSED_FUNCTION = YES;
				GCC_WARN_UNUSED_VARIABLE = YES;
				IPHONEOS_DEPLOYMENT_TARGET = 10.3;
				MTL_ENABLE_DEBUG_INFO = NO;
				SDKROOT = iphoneos;
				SWIFT_OPTIMIZATION_LEVEL = "-Owholemodule";
				TARGETED_DEVICE_FAMILY = "1,2";
				VALIDATE_PRODUCT = YES;
			};
			name = Release;
		};
		9C95963A1F9D068B00C4EE8A /* Debug */ = {
			isa = XCBuildConfiguration;
			buildSettings = {
				ASSETCATALOG_COMPILER_APPICON_NAME = AppIcon;
				DEVELOPMENT_TEAM = 953G8FEEEM;
				INFOPLIST_FILE = PersonalityQuiz/Info.plist;
				LD_RUNPATH_SEARCH_PATHS = "$(inherited) @executable_path/Frameworks";
				PRODUCT_BUNDLE_IDENTIFIER = com.rastalgroup.PersonalityQuiz;
				PRODUCT_NAME = "$(TARGET_NAME)";
				SWIFT_VERSION = 3.0;
			};
			name = Debug;
		};
		9C95963B1F9D068B00C4EE8A /* Release */ = {
			isa = XCBuildConfiguration;
			buildSettings = {
				ASSETCATALOG_COMPILER_APPICON_NAME = AppIcon;
				DEVELOPMENT_TEAM = 953G8FEEEM;
				INFOPLIST_FILE = PersonalityQuiz/Info.plist;
				LD_RUNPATH_SEARCH_PATHS = "$(inherited) @executable_path/Frameworks";
				PRODUCT_BUNDLE_IDENTIFIER = com.rastalgroup.PersonalityQuiz;
				PRODUCT_NAME = "$(TARGET_NAME)";
				SWIFT_VERSION = 3.0;
			};
			name = Release;
		};
/* End XCBuildConfiguration section */

/* Begin XCConfigurationList section */
		9C9596221F9D068B00C4EE8A /* Build configuration list for PBXProject "PersonalityQuiz" */ = {
			isa = XCConfigurationList;
			buildConfigurations = (
				9C9596371F9D068B00C4EE8A /* Debug */,
				9C9596381F9D068B00C4EE8A /* Release */,
			);
			defaultConfigurationIsVisible = 0;
			defaultConfigurationName = Release;
		};
		9C9596391F9D068B00C4EE8A /* Build configuration list for PBXNativeTarget "PersonalityQuiz" */ = {
			isa = XCConfigurationList;
			buildConfigurations = (
				9C95963A1F9D068B00C4EE8A /* Debug */,
				9C95963B1F9D068B00C4EE8A /* Release */,
			);
			defaultConfigurationIsVisible = 0;
			defaultConfigurationName = Release;
		};
/* End XCConfigurationList section */
	};
	rootObject = 9C95961F1F9D068B00C4EE8A /* Project object */;
}
